
Microsoft Visual Studio Solution File, Format Version 12.00
# Visual Studio Version 16
VisualStudioVersion = 16.0.810.9
MinimumVisualStudioVersion = 10.0.40219.1
Project("{FAE04EC0-301F-11D3-BF4B-00C04F79EFBC}") = "SecondConsoleApp", "SecondConsoleApp\SecondConsoleApp.csproj", "{46558393-29E1-49BF-A86A-7736548D176D}"
EndProject
Global
	GlobalSection(SolutionConfigurationPlatforms) = preSolution
		Debug|Any CPU = Debug|Any CPU
		Release|Any CPU = Release|Any CPU
	EndGlobalSection
	GlobalSection(ProjectConfigurationPlatforms) = postSolution
		{46558393-29E1-49BF-A86A-7736548D176D}.Debug|Any CPU.ActiveCfg = Debug|Any CPU
		{46558393-29E1-49BF-A86A-7736548D176D}.Debug|Any CPU.Build.0 = Debug|Any CPU
		{46558393-29E1-49BF-A86A-7736548D176D}.Release|Any CPU.ActiveCfg = Release|Any CPU
		{46558393-29E1-49BF-A86A-7736548D176D}.Release|Any CPU.Build.0 = Release|Any CPU
	EndGlobalSection
	GlobalSection(SolutionProperties) = preSolution
		HideSolutionNode = FALSE
	EndGlobalSection
	GlobalSection(ExtensibilityGlobals) = postSolution
		SolutionGuid = {B6ACDDD9-A830-43CA-B3F9-5B86C5F561C3}
	EndGlobalSection
EndGlobal
